// !$*UTF8*$!
{
	archiveVersion = 1;
	classes = {
	};
	objectVersion = 46;
	objects = {

/* Begin PBXBuildFile section */
		43EC097F1CA0BDEE0065CA54 /* AppDelegate.swift in Sources */ = {isa = PBXBuildFile; fileRef = 43EC097E1CA0BDEE0065CA54 /* AppDelegate.swift */; };
		43EC09811CA0BDEE0065CA54 /* ViewController.swift in Sources */ = {isa = PBXBuildFile; fileRef = 43EC09801CA0BDEE0065CA54 /* ViewController.swift */; };
		43EC09841CA0BDEE0065CA54 /* Main.storyboard in Resources */ = {isa = PBXBuildFile; fileRef = 43EC09821CA0BDEE0065CA54 /* Main.storyboard */; };
		43EC09861CA0BDEE0065CA54 /* Assets.xcassets in Resources */ = {isa = PBXBuildFile; fileRef = 43EC09851CA0BDEE0065CA54 /* Assets.xcassets */; };
		43EC09891CA0BDEE0065CA54 /* LaunchScreen.storyboard in Resources */ = {isa = PBXBuildFile; fileRef = 43EC09871CA0BDEE0065CA54 /* LaunchScreen.storyboard */; };
/* End PBXBuildFile section */

/* Begin PBXFileReference section */
		43EC097B1CA0BDEE0065CA54 /* UIViewController.app */ = {isa = PBXFileReference; explicitFileType = wrapper.application; includeInIndex = 0; path = UIViewController.app; sourceTree = BUILT_PRODUCTS_DIR; };
		43EC097E1CA0BDEE0065CA54 /* AppDelegate.swift */ = {isa = PBXFileReference; lastKnownFileType = sourcecode.swift; path = AppDelegate.swift; sourceTree = "<group>"; };
		43EC09801CA0BDEE0065CA54 /* ViewController.swift */ = {isa = PBXFileReference; lastKnownFileType = sourcecode.swift; path = ViewController.swift; sourceTree = "<group>"; };
		43EC09831CA0BDEE0065CA54 /* Base */ = {isa = PBXFileReference; lastKnownFileType = file.storyboard; name = Base; path = Base.lproj/Main.storyboard; sourceTree = "<group>"; };
		43EC09851CA0BDEE0065CA54 /* Assets.xcassets */ = {isa = PBXFileReference; lastKnownFileType = folder.assetcatalog; path = Assets.xcassets; sourceTree = "<group>"; };
		43EC09881CA0BDEE0065CA54 /* Base */ = {isa = PBXFileReference; lastKnownFileType = file.storyboard; name = Base; path = Base.lproj/LaunchScreen.storyboard; sourceTree = "<group>"; };
		43EC098A1CA0BDEE0065CA54 /* Info.plist */ = {isa = PBXFileReference; lastKnownFileType = text.plist.xml; path = Info.plist; sourceTree = "<group>"; };
/* End PBXFileReference section */

/* Begin PBXFrameworksBuildPhase section */
		43EC09781CA0BDEE0065CA54 /* Frameworks */ = {
			isa = PBXFrameworksBuildPhase;
			buildActionMask = 2147483647;
			files = (
			);
			runOnlyForDeploymentPostprocessing = 0;
		};
/* End PBXFrameworksBuildPhase section */

/* Begin PBXGroup section */
		43EC09721CA0BDEE0065CA54 = {
			isa = PBXGroup;
			children = (
				43EC097D1CA0BDEE0065CA54 /* UIViewController */,
				43EC097C1CA0BDEE0065CA54 /* Products */,
			);
			sourceTree = "<group>";
		};
		43EC097C1CA0BDEE0065CA54 /* Products */ = {
			isa = PBXGroup;
			children = (
				43EC097B1CA0BDEE0065CA54 /* UIViewController.app */,
			);
			name = Products;
			sourceTree = "<group>";
		};
		43EC097D1CA0BDEE0065CA54 /* UIViewController */ = {
			isa = PBXGroup;
			children = (
				43EC097E1CA0BDEE0065CA54 /* AppDelegate.swift */,
				43EC09801CA0BDEE0065CA54 /* ViewController.swift */,
				43EC09821CA0BDEE0065CA54 /* Main.storyboard */,
				43EC09851CA0BDEE0065CA54 /* Assets.xcassets */,
				43EC09871CA0BDEE0065CA54 /* LaunchScreen.storyboard */,
				43EC098A1CA0BDEE0065CA54 /* Info.plist */,
			);
			path = UIViewController;
			sourceTree = "<group>";
		};
/* End PBXGroup section */

/* Begin PBXNativeTarget section */
		43EC097A1CA0BDEE0065CA54 /* UIViewController */ = {
			isa = PBXNativeTarget;
			buildConfigurationList = 43EC098D1CA0BDEE0065CA54 /* Build configuration list for PBXNativeTarget "UIViewController" */;
			buildPhases = (
				43EC09771CA0BDEE0065CA54 /* Sources */,
				43EC09781CA0BDEE0065CA54 /* Frameworks */,
				43EC09791CA0BDEE0065CA54 /* Resources */,
			);
			buildRules = (
			);
			dependencies = (
			);
			name = UIViewController;
			productName = UIViewController;
			productReference = 43EC097B1CA0BDEE0065CA54 /* UIViewController.app */;
			productType = "com.apple.product-type.application";
		};
/* End PBXNativeTarget section */

/* Begin PBXProject section */
		43EC09731CA0BDEE0065CA54 /* Project object */ = {
			isa = PBXProject;
			attributes = {
				LastSwiftUpdateCheck = 0720;
				LastUpgradeCheck = 0720;
				ORGANIZATIONNAME = Swift;
				TargetAttributes = {
					43EC097A1CA0BDEE0065CA54 = {
						CreatedOnToolsVersion = 7.2;
						LastSwiftMigration = 0830;
					};
				};
			};
			buildConfigurationList = 43EC09761CA0BDEE0065CA54 /* Build configuration list for PBXProject "UIViewController" */;
			compatibilityVersion = "Xcode 3.2";
			developmentRegion = English;
			hasScannedForEncodings = 0;
			knownRegions = (
				en,
				Base,
			);
			mainGroup = 43EC09721CA0BDEE0065CA54;
			productRefGroup = 43EC097C1CA0BDEE0065CA54 /* Products */;
			projectDirPath = "";
			projectRoot = "";
			targets = (
				43EC097A1CA0BDEE0065CA54 /* UIViewController */,
			);
		};
/* End PBXProject section */

/* Begin PBXResourcesBuildPhase section */
		43EC09791CA0BDEE0065CA54 /* Resources */ = {
			isa = PBXResourcesBuildPhase;
			buildActionMask = 2147483647;
			files = (
				43EC09891CA0BDEE0065CA54 /* LaunchScreen.storyboard in Resources */,
				43EC09861CA0BDEE0065CA54 /* Assets.xcassets in Resources */,
				43EC09841CA0BDEE0065CA54 /* Main.storyboard in Resources */,
			);
			runOnlyForDeploymentPostprocessing = 0;
		};
/* End PBXResourcesBuildPhase section */

/* Begin PBXSourcesBuildPhase section */
		43EC09771CA0BDEE0065CA54 /* Sources */ = {
			isa = PBXSourcesBuildPhase;
			buildActionMask = 2147483647;
			files = (
				43EC09811CA0BDEE0065CA54 /* ViewController.swift in Sources */,
				43EC097F1CA0BDEE0065CA54 /* AppDelegate.swift in Sources */,
			);
			runOnlyForDeploymentPostprocessing = 0;
		};
/* End PBXSourcesBuildPhase section */

/* Begin PBXVariantGroup section */
		43EC09821CA0BDEE0065CA54 /* Main.storyboard */ = {
			isa = PBXVariantGroup;
			children = (
				43EC09831CA0BDEE0065CA54 /* Base */,
			);
			name = Main.storyboard;
			sourceTree = "<group>";
		};
		43EC09871CA0BDEE0065CA54 /* LaunchScreen.storyboard */ = {
			isa = PBXVariantGroup;
			children = (
				43EC09881CA0BDEE0065CA54 /* Base */,
			);
			name = LaunchScreen.storyboard;
			sourceTree = "<group>";
		};
/* End PBXVariantGroup section */

/* Begin XCBuildConfiguration section */
		43EC098B1CA0BDEE0065CA54 /* Debug */ = {
			isa = XCBuildConfiguration;
			buildSettings = {
				ALWAYS_SEARCH_USER_PATHS = NO;
				CLANG_CXX_LANGUAGE_STANDARD = "gnu++0x";
				CLANG_CXX_LIBRARY = "libc++";
				CLANG_ENABLE_MODULES = YES;
				CLANG_ENABLE_OBJC_ARC = YES;
				CLANG_WARN_BOOL_CONVERSION = YES;
				CLANG_WARN_CONSTANT_CONVERSION = YES;
				CLANG_WARN_DIRECT_OBJC_ISA_USAGE = YES_ERROR;
				CLANG_WARN_EMPTY_BODY = YES;
				CLANG_WARN_ENUM_CONVERSION = YES;
				CLANG_WARN_INT_CONVERSION = YES;
				CLANG_WARN_OBJC_ROOT_CLASS = YES_ERROR;
				CLANG_WARN_UNREACHABLE_CODE = YES;
				CLANG_WARN__DUPLICATE_METHOD_MATCH = YES;
				"CODE_SIGN_IDENTITY[sdk=iphoneos*]" = "iPhone Developer";
				COPY_PHASE_STRIP = NO;
				DEBUG_INFORMATION_FORMAT = dwarf;
				ENABLE_STRICT_OBJC_MSGSEND = YES;
				ENABLE_TESTABILITY = YES;
				GCC_C_LANGUAGE_STANDARD = gnu99;
				GCC_DYNAMIC_NO_PIC = NO;
				GCC_NO_COMMON_BLOCKS = YES;
				GCC_OPTIMIZATION_LEVEL = 0;
				GCC_PREPROCESSOR_DEFINITIONS = (
					"DEBUG=1",
					"$(inherited)",
				);
				GCC_WARN_64_TO_32_BIT_CONVERSION = YES;
				GCC_WARN_ABOUT_RETURN_TYPE = YES_ERROR;
				GCC_WARN_UNDECLARED_SELECTOR = YES;
				GCC_WARN_UNINITIALIZED_AUTOS = YES_AGGRESSIVE;
				GCC_WARN_UNUSED_FUNCTION = YES;
				GCC_WARN_UNUSED_VARIABLE = YES;
				IPHONEOS_DEPLOYMENT_TARGET = 9.2;
				MTL_ENABLE_DEBUG_INFO = YES;
				ONLY_ACTIVE_ARCH = YES;
				SDKROOT = iphoneos;
				SWIFT_OPTIMIZATION_LEVEL = "-Onone";
			};
			name = Debug;
		};
		43EC098C1CA0BDEE0065CA54 /* Release */ = {
			isa = XCBuildConfiguration;
			buildSettings = {
				ALWAYS_SEARCH_USER_PATHS = NO;
				CLANG_CXX_LANGUAGE_STANDARD = "gnu++0x";
				CLANG_CXX_LIBRARY = "libc++";
				CLANG_ENABLE_MODULES = YES;
				CLANG_ENABLE_OBJC_ARC = YES;
				CLANG_WARN_BOOL_CONVERSION = YES;
				CLANG_WARN_CONSTANT_CONVERSION = YES;
				CLANG_WARN_DIRECT_OBJC_ISA_USAGE = YES_ERROR;
				CLANG_WARN_EMPTY_BODY = YES;
				CLANG_WARN_ENUM_CONVERSION = YES;
				CLANG_WARN_INT_CONVERSION = YES;
				CLANG_WARN_OBJC_ROOT_CLASS = YES_ERROR;
				CLANG_WARN_UNREACHABLE_CODE = YES;
				CLANG_WARN__DUPLICATE_METHOD_MATCH = YES;
				"CODE_SIGN_IDENTITY[sdk=iphoneos*]" = "iPhone Developer";
				COPY_PHASE_STRIP = NO;
				DEBUG_INFORMATION_FORMAT = "dwarf-with-dsym";
				ENABLE_NS_ASSERTIONS = NO;
				ENABLE_STRICT_OBJC_MSGSEND = YES;
				GCC_C_LANGUAGE_STANDARD = gnu99;
				GCC_NO_COMMON_BLOCKS = YES;
				GCC_WARN_64_TO_32_BIT_CONVERSION = YES;
				GCC_WARN_ABOUT_RETURN_TYPE = YES_ERROR;
				GCC_WARN_UNDECLARED_SELECTOR = YES;
				GCC_WARN_UNINITIALIZED_AUTOS = YES_AGGRESSIVE;
				GCC_WARN_UNUSED_FUNCTION = YES;
				GCC_WARN_UNUSED_VARIABLE = YES;
				IPHONEOS_DEPLOYMENT_TARGET = 9.2;
				MTL_ENABLE_DEBUG_INFO = NO;
				SDKROOT = iphoneos;
				VALIDATE_PRODUCT = YES;
			};
			name = Release;
		};
		43EC098E1CA0BDEE0065CA54 /* Debug */ = {
			isa = XCBuildConfiguration;
			buildSettings = {
				ASSETCATALOG_COMPILER_APPICON_NAME = AppIcon;
				INFOPLIST_FILE = UIViewController/Info.plist;
				LD_RUNPATH_SEARCH_PATHS = "$(inherited) @executable_path/Frameworks";
				PRODUCT_BUNDLE_IDENTIFIER = br.com.quaddro.UIViewController;
				PRODUCT_NAME = "$(TARGET_NAME)";
				SWIFT_VERSION = 3.0;
			};
			name = Debug;
		};
		43EC098F1CA0BDEE0065CA54 /* Release */ = {
			isa = XCBuildConfiguration;
			buildSettings = {
				ASSETCATALOG_COMPILER_APPICON_NAME = AppIcon;
				INFOPLIST_FILE = UIViewController/Info.plist;
				LD_RUNPATH_SEARCH_PATHS = "$(inherited) @executable_path/Frameworks";
				PRODUCT_BUNDLE_IDENTIFIER = br.com.quaddro.UIViewController;
				PRODUCT_NAME = "$(TARGET_NAME)";
				SWIFT_VERSION = 3.0;
			};
			name = Release;
		};
/* End XCBuildConfiguration section */

/* Begin XCConfigurationList section */
		43EC09761CA0BDEE0065CA54 /* Build configuration list for PBXProject "UIViewController" */ = {
			isa = XCConfigurationList;
			buildConfigurations = (
				43EC098B1CA0BDEE0065CA54 /* Debug */,
				43EC098C1CA0BDEE0065CA54 /* Release */,
			);
			defaultConfigurationIsVisible = 0;
			defaultConfigurationName = Release;
		};
		43EC098D1CA0BDEE0065CA54 /* Build configuration list for PBXNativeTarget "UIViewController" */ = {
			isa = XCConfigurationList;
			buildConfigurations = (
				43EC098E1CA0BDEE0065CA54 /* Debug */,
				43EC098F1CA0BDEE0065CA54 /* Release */,
			);
			defaultConfigurationIsVisible = 0;
			defaultConfigurationName = Release;
		};
/* End XCConfigurationList section */
	};
	rootObject = 43EC09731CA0BDEE0065CA54 /* Project object */;
}
